
Microsoft Visual Studio Solution File, Format Version 12.00
Project("{FAE04EC0-301F-11D3-BF4B-00C04F79EFBC}") = "AP", "AP\AP.csproj", "{AB587693-9798-4E24-8A08-367CE05F9A1F}"
EndProject
Global
	GlobalSection(SolutionConfigurationPlatforms) = preSolution
		Debug|Any CPU = Debug|Any CPU
		Release|Any CPU = Release|Any CPU
	EndGlobalSection
	GlobalSection(ProjectConfigurationPlatforms) = postSolution
		{AB587693-9798-4E24-8A08-367CE05F9A1F}.Debug|Any CPU.ActiveCfg = Debug|Any CPU
		{AB587693-9798-4E24-8A08-367CE05F9A1F}.Debug|Any CPU.Build.0 = Debug|Any CPU
		{AB587693-9798-4E24-8A08-367CE05F9A1F}.Release|Any CPU.ActiveCfg = Release|Any CPU
		{AB587693-9798-4E24-8A08-367CE05F9A1F}.Release|Any CPU.Build.0 = Release|Any CPU
	EndGlobalSection
EndGlobal
